
Microsoft Visual Studio Solution File, Format Version 12.00
# Visual Studio Version 17
VisualStudioVersion = 17.2.32526.322
MinimumVisualStudioVersion = 10.0.40219.1
Project("{FAE04EC0-301F-11D3-BF4B-00C04F79EFBC}") = "18_module", "18_module\18_module.csproj", "{4F034A46-A8AD-4056-A727-4696CDEDEB21}"
EndProject
Global
	GlobalSection(SolutionConfigurationPlatforms) = preSolution
		Debug|Any CPU = Debug|Any CPU
		Release|Any CPU = Release|Any CPU
	EndGlobalSection
	GlobalSection(ProjectConfigurationPlatforms) = postSolution
		{4F034A46-A8AD-4056-A727-4696CDEDEB21}.Debug|Any CPU.ActiveCfg = Debug|Any CPU
		{4F034A46-A8AD-4056-A727-4696CDEDEB21}.Debug|Any CPU.Build.0 = Debug|Any CPU
		{4F034A46-A8AD-4056-A727-4696CDEDEB21}.Release|Any CPU.ActiveCfg = Release|Any CPU
		{4F034A46-A8AD-4056-A727-4696CDEDEB21}.Release|Any CPU.Build.0 = Release|Any CPU
	EndGlobalSection
	GlobalSection(SolutionProperties) = preSolution
		HideSolutionNode = FALSE
	EndGlobalSection
	GlobalSection(ExtensibilityGlobals) = postSolution
		SolutionGuid = {08347046-16E6-4DC5-8A5E-06723D469479}
	EndGlobalSection
EndGlobal
